
Microsoft Visual Studio Solution File, Format Version 12.00
# Visual Studio 15
VisualStudioVersion = 15.0.26430.6
MinimumVisualStudioVersion = 10.0.40219.1
Project("{8BC9CEB8-8B4A-11D0-8D11-00A0C91BC942}") = "Basic_001", "Bassic_001\Bassic_001.vcxproj", "{28ED693C-96AD-4CD8-B3A0-4EF3321C02E0}"
EndProject
Project("{8BC9CEB8-8B4A-11D0-8D11-00A0C91BC942}") = "Basic_002", "Basic_002\Basic_002.vcxproj", "{C51E9289-A9B7-41C4-8032-78601E7169E0}"
EndProject
Project("{8BC9CEB8-8B4A-11D0-8D11-00A0C91BC942}") = "Basic_003", "Basic_003\Basic_003.vcxproj", "{F0F1336F-08EF-4A04-9C86-BBCA8F33A276}"
EndProject
Project("{8BC9CEB8-8B4A-11D0-8D11-00A0C91BC942}") = "Basic_004", "Basic_004\Basic_004.vcxproj", "{60C7DBCD-4F54-43C5-B017-A7CB7337B21B}"
EndProject
Project("{8BC9CEB8-8B4A-11D0-8D11-00A0C91BC942}") = "Basic_005", "Basic_005\Basic_005.vcxproj", "{FD56CBBE-DEA8-48BD-AEC6-CBEE826F11F3}"
EndProject
Project("{8BC9CEB8-8B4A-11D0-8D11-00A0C91BC942}") = "Basic_006", "Bassic_006\Bassic_006.vcxproj", "{3F7B9D13-E9FC-4EDA-98A1-5A81D885EDCB}"
EndProject
Project("{8BC9CEB8-8B4A-11D0-8D11-00A0C91BC942}") = "Basic_007", "Basic__007\Basic__007.vcxproj", "{E160062F-625A-4A3E-9EAA-AEADAFB527C3}"
EndProject
Project("{8BC9CEB8-8B4A-11D0-8D11-00A0C91BC942}") = "Basic_008", "Basic_008\Basic_008.vcxproj", "{0C17BE11-A948-426A-A87B-D80731D1827B}"
EndProject
Project("{8BC9CEB8-8B4A-11D0-8D11-00A0C91BC942}") = "Basic009", "Basic009\Basic009.vcxproj", "{3FEB89B6-414E-4CBE-BB81-2238B1417F07}"
EndProject
Project("{8BC9CEB8-8B4A-11D0-8D11-00A0C91BC942}") = "Bassic_010", "Bassic_010\Bassic_010.vcxproj", "{3A8E9E90-57CD-4882-B77C-3D49FF2BFCD3}"
EndProject
Project("{8BC9CEB8-8B4A-11D0-8D11-00A0C91BC942}") = "Bassic_011", "Bassic_011\Bassic_011.vcxproj", "{55A55529-4739-46FF-887C-D830D24981D6}"
EndProject
Global
	GlobalSection(SolutionConfigurationPlatforms) = preSolution
		Debug|x64 = Debug|x64
		Debug|x86 = Debug|x86
		Release|x64 = Release|x64
		Release|x86 = Release|x86
	EndGlobalSection
	GlobalSection(ProjectConfigurationPlatforms) = postSolution
		{28ED693C-96AD-4CD8-B3A0-4EF3321C02E0}.Debug|x64.ActiveCfg = Debug|x64
		{28ED693C-96AD-4CD8-B3A0-4EF3321C02E0}.Debug|x64.Build.0 = Debug|x64
		{28ED693C-96AD-4CD8-B3A0-4EF3321C02E0}.Debug|x86.ActiveCfg = Debug|Win32
		{28ED693C-96AD-4CD8-B3A0-4EF3321C02E0}.Debug|x86.Build.0 = Debug|Win32
		{28ED693C-96AD-4CD8-B3A0-4EF3321C02E0}.Release|x64.ActiveCfg = Release|x64
		{28ED693C-96AD-4CD8-B3A0-4EF3321C02E0}.Release|x64.Build.0 = Release|x64
		{28ED693C-96AD-4CD8-B3A0-4EF3321C02E0}.Release|x86.ActiveCfg = Release|Win32
		{28ED693C-96AD-4CD8-B3A0-4EF3321C02E0}.Release|x86.Build.0 = Release|Win32
		{C51E9289-A9B7-41C4-8032-78601E7169E0}.Debug|x64.ActiveCfg = Debug|x64
		{C51E9289-A9B7-41C4-8032-78601E7169E0}.Debug|x64.Build.0 = Debug|x64
		{C51E9289-A9B7-41C4-8032-78601E7169E0}.Debug|x86.ActiveCfg = Debug|Win32
		{C51E9289-A9B7-41C4-8032-78601E7169E0}.Debug|x86.Build.0 = Debug|Win32
		{C51E9289-A9B7-41C4-8032-78601E7169E0}.Release|x64.ActiveCfg = Release|x64
		{C51E9289-A9B7-41C4-8032-78601E7169E0}.Release|x64.Build.0 = Release|x64
		{C51E9289-A9B7-41C4-8032-78601E7169E0}.Release|x86.ActiveCfg = Release|Win32
		{C51E9289-A9B7-41C4-8032-78601E7169E0}.Release|x86.Build.0 = Release|Win32
		{F0F1336F-08EF-4A04-9C86-BBCA8F33A276}.Debug|x64.ActiveCfg = Debug|x64
		{F0F1336F-08EF-4A04-9C86-BBCA8F33A276}.Debug|x64.Build.0 = Debug|x64
		{F0F1336F-08EF-4A04-9C86-BBCA8F33A276}.Debug|x86.ActiveCfg = Debug|Win32
		{F0F1336F-08EF-4A04-9C86-BBCA8F33A276}.Debug|x86.Build.0 = Debug|Win32
		{F0F1336F-08EF-4A04-9C86-BBCA8F33A276}.Release|x64.ActiveCfg = Release|x64
		{F0F1336F-08EF-4A04-9C86-BBCA8F33A276}.Release|x64.Build.0 = Release|x64
		{F0F1336F-08EF-4A04-9C86-BBCA8F33A276}.Release|x86.ActiveCfg = Release|Win32
		{F0F1336F-08EF-4A04-9C86-BBCA8F33A276}.Release|x86.Build.0 = Release|Win32
		{60C7DBCD-4F54-43C5-B017-A7CB7337B21B}.Debug|x64.ActiveCfg = Debug|x64
		{60C7DBCD-4F54-43C5-B017-A7CB7337B21B}.Debug|x64.Build.0 = Debug|x64
		{60C7DBCD-4F54-43C5-B017-A7CB7337B21B}.Debug|x86.ActiveCfg = Debug|Win32
		{60C7DBCD-4F54-43C5-B017-A7CB7337B21B}.Debug|x86.Build.0 = Debug|Win32
		{60C7DBCD-4F54-43C5-B017-A7CB7337B21B}.Release|x64.ActiveCfg = Release|x64
		{60C7DBCD-4F54-43C5-B017-A7CB7337B21B}.Release|x64.Build.0 = Release|x64
		{60C7DBCD-4F54-43C5-B017-A7CB7337B21B}.Release|x86.ActiveCfg = Release|Win32
		{60C7DBCD-4F54-43C5-B017-A7CB7337B21B}.Release|x86.Build.0 = Release|Win32
		{FD56CBBE-DEA8-48BD-AEC6-CBEE826F11F3}.Debug|x64.ActiveCfg = Debug|x64
		{FD56CBBE-DEA8-48BD-AEC6-CBEE826F11F3}.Debug|x64.Build.0 = Debug|x64
		{FD56CBBE-DEA8-48BD-AEC6-CBEE826F11F3}.Debug|x86.ActiveCfg = Debug|Win32
		{FD56CBBE-DEA8-48BD-AEC6-CBEE826F11F3}.Debug|x86.Build.0 = Debug|Win32
		{FD56CBBE-DEA8-48BD-AEC6-CBEE826F11F3}.Release|x64.ActiveCfg = Release|x64
		{FD56CBBE-DEA8-48BD-AEC6-CBEE826F11F3}.Release|x64.Build.0 = Release|x64
		{FD56CBBE-DEA8-48BD-AEC6-CBEE826F11F3}.Release|x86.ActiveCfg = Release|Win32
		{FD56CBBE-DEA8-48BD-AEC6-CBEE826F11F3}.Release|x86.Build.0 = Release|Win32
		{3F7B9D13-E9FC-4EDA-98A1-5A81D885EDCB}.Debug|x64.ActiveCfg = Debug|x64
		{3F7B9D13-E9FC-4EDA-98A1-5A81D885EDCB}.Debug|x64.Build.0 = Debug|x64
		{3F7B9D13-E9FC-4EDA-98A1-5A81D885EDCB}.Debug|x86.ActiveCfg = Debug|Win32
		{3F7B9D13-E9FC-4EDA-98A1-5A81D885EDCB}.Debug|x86.Build.0 = Debug|Win32
		{3F7B9D13-E9FC-4EDA-98A1-5A81D885EDCB}.Release|x64.ActiveCfg = Release|x64
		{3F7B9D13-E9FC-4EDA-98A1-5A81D885EDCB}.Release|x64.Build.0 = Release|x64
		{3F7B9D13-E9FC-4EDA-98A1-5A81D885EDCB}.Release|x86.ActiveCfg = Release|Win32
		{3F7B9D13-E9FC-4EDA-98A1-5A81D885EDCB}.Release|x86.Build.0 = Release|Win32
		{E160062F-625A-4A3E-9EAA-AEADAFB527C3}.Debug|x64.ActiveCfg = Debug|x64
		{E160062F-625A-4A3E-9EAA-AEADAFB527C3}.Debug|x64.Build.0 = Debug|x64
		{E160062F-625A-4A3E-9EAA-AEADAFB527C3}.Debug|x86.ActiveCfg = Debug|Win32
		{E160062F-625A-4A3E-9EAA-AEADAFB527C3}.Debug|x86.Build.0 = Debug|Win32
		{E160062F-625A-4A3E-9EAA-AEADAFB527C3}.Release|x64.ActiveCfg = Release|x64
		{E160062F-625A-4A3E-9EAA-AEADAFB527C3}.Release|x64.Build.0 = Release|x64
		{E160062F-625A-4A3E-9EAA-AEADAFB527C3}.Release|x86.ActiveCfg = Release|Win32
		{E160062F-625A-4A3E-9EAA-AEADAFB527C3}.Release|x86.Build.0 = Release|Win32
		{0C17BE11-A948-426A-A87B-D80731D1827B}.Debug|x64.ActiveCfg = Debug|x64
		{0C17BE11-A948-426A-A87B-D80731D1827B}.Debug|x64.Build.0 = Debug|x64
		{0C17BE11-A948-426A-A87B-D80731D1827B}.Debug|x86.ActiveCfg = Debug|Win32
		{0C17BE11-A948-426A-A87B-D80731D1827B}.Debug|x86.Build.0 = Debug|Win32
		{0C17BE11-A948-426A-A87B-D80731D1827B}.Release|x64.ActiveCfg = Release|x64
		{0C17BE11-A948-426A-A87B-D80731D1827B}.Release|x64.Build.0 = Release|x64
		{0C17BE11-A948-426A-A87B-D80731D1827B}.Release|x86.ActiveCfg = Release|Win32
		{0C17BE11-A948-426A-A87B-D80731D1827B}.Release|x86.Build.0 = Release|Win32
		{3FEB89B6-414E-4CBE-BB81-2238B1417F07}.Debug|x64.ActiveCfg = Debug|x64
		{3FEB89B6-414E-4CBE-BB81-2238B1417F07}.Debug|x64.Build.0 = Debug|x64
		{3FEB89B6-414E-4CBE-BB81-2238B1417F07}.Debug|x86.ActiveCfg = Debug|Win32
		{3FEB89B6-414E-4CBE-BB81-2238B1417F07}.Debug|x86.Build.0 = Debug|Win32
		{3FEB89B6-414E-4CBE-BB81-2238B1417F07}.Release|x64.ActiveCfg = Release|x64
		{3FEB89B6-414E-4CBE-BB81-2238B1417F07}.Release|x64.Build.0 = Release|x64
		{3FEB89B6-414E-4CBE-BB81-2238B1417F07}.Release|x86.ActiveCfg = Release|Win32
		{3FEB89B6-414E-4CBE-BB81-2238B1417F07}.Release|x86.Build.0 = Release|Win32
		{3A8E9E90-57CD-4882-B77C-3D49FF2BFCD3}.Debug|x64.ActiveCfg = Debug|x64
		{3A8E9E90-57CD-4882-B77C-3D49FF2BFCD3}.Debug|x64.Build.0 = Debug|x64
		{3A8E9E90-57CD-4882-B77C-3D49FF2BFCD3}.Debug|x86.ActiveCfg = Debug|Win32
		{3A8E9E90-57CD-4882-B77C-3D49FF2BFCD3}.Debug|x86.Build.0 = Debug|Win32
		{3A8E9E90-57CD-4882-B77C-3D49FF2BFCD3}.Release|x64.ActiveCfg = Release|x64
		{3A8E9E90-57CD-4882-B77C-3D49FF2BFCD3}.Release|x64.Build.0 = Release|x64
		{3A8E9E90-57CD-4882-B77C-3D49FF2BFCD3}.Release|x86.ActiveCfg = Release|Win32
		{3A8E9E90-57CD-4882-B77C-3D49FF2BFCD3}.Release|x86.Build.0 = Release|Win32
		{55A55529-4739-46FF-887C-D830D24981D6}.Debug|x64.ActiveCfg = Debug|x64
		{55A55529-4739-46FF-887C-D830D24981D6}.Debug|x64.Build.0 = Debug|x64
		{55A55529-4739-46FF-887C-D830D24981D6}.Debug|x86.ActiveCfg = Debug|Win32
		{55A55529-4739-46FF-887C-D830D24981D6}.Debug|x86.Build.0 = Debug|Win32
		{55A55529-4739-46FF-887C-D830D24981D6}.Release|x64.ActiveCfg = Release|x64
		{55A55529-4739-46FF-887C-D830D24981D6}.Release|x64.Build.0 = Release|x64
		{55A55529-4739-46FF-887C-D830D24981D6}.Release|x86.ActiveCfg = Release|Win32
		{55A55529-4739-46FF-887C-D830D24981D6}.Release|x86.Build.0 = Release|Win32
	EndGlobalSection
	GlobalSection(SolutionProperties) = preSolution
		HideSolutionNode = FALSE
	EndGlobalSection
EndGlobal
